// !$*UTF8*$!
{
	archiveVersion = 1;
	classes = {
	};
	objectVersion = 56;
	objects = {

/* Begin PBXBuildFile section */
		595D4D2129D07140003B31AB /* StoksApp.swift in Sources */ = {isa = PBXBuildFile; fileRef = 595D4D2029D07140003B31AB /* StoksApp.swift */; };
		595D4D2329D07140003B31AB /* ContentView.swift in Sources */ = {isa = PBXBuildFile; fileRef = 595D4D2229D07140003B31AB /* ContentView.swift */; };
		595D4D2529D07141003B31AB /* Assets.xcassets in Resources */ = {isa = PBXBuildFile; fileRef = 595D4D2429D07141003B31AB /* Assets.xcassets */; };
		595D4D2829D07141003B31AB /* Preview Assets.xcassets in Resources */ = {isa = PBXBuildFile; fileRef = 595D4D2729D07141003B31AB /* Preview Assets.xcassets */; };
		595D4D2A29D07141003B31AB /* Persistence.swift in Sources */ = {isa = PBXBuildFile; fileRef = 595D4D2929D07141003B31AB /* Persistence.swift */; };
		595D4D2D29D07141003B31AB /* Stoks.xcdatamodeld in Sources */ = {isa = PBXBuildFile; fileRef = 595D4D2B29D07141003B31AB /* Stoks.xcdatamodeld */; };
		595D4D3629D09A31003B31AB /* FirebaseAnalytics in Frameworks */ = {isa = PBXBuildFile; productRef = 595D4D3529D09A31003B31AB /* FirebaseAnalytics */; };
		595D4D3829D09A31003B31AB /* FirebaseAuth in Frameworks */ = {isa = PBXBuildFile; productRef = 595D4D3729D09A31003B31AB /* FirebaseAuth */; };
		595D4D3A29D09AC3003B31AB /* AppDelegate.swift in Sources */ = {isa = PBXBuildFile; fileRef = 595D4D3929D09AC3003B31AB /* AppDelegate.swift */; };
		595D4D3C29D09C84003B31AB /* GoogleService-Info.plist in Resources */ = {isa = PBXBuildFile; fileRef = 595D4D3B29D09C84003B31AB /* GoogleService-Info.plist */; };
/* End PBXBuildFile section */

/* Begin PBXFileReference section */
		595D4D1D29D07140003B31AB /* Stoks.app */ = {isa = PBXFileReference; explicitFileType = wrapper.application; includeInIndex = 0; path = Stoks.app; sourceTree = BUILT_PRODUCTS_DIR; };
		595D4D2029D07140003B31AB /* StoksApp.swift */ = {isa = PBXFileReference; lastKnownFileType = sourcecode.swift; path = StoksApp.swift; sourceTree = "<group>"; };
		595D4D2229D07140003B31AB /* ContentView.swift */ = {isa = PBXFileReference; lastKnownFileType = sourcecode.swift; path = ContentView.swift; sourceTree = "<group>"; };
		595D4D2429D07141003B31AB /* Assets.xcassets */ = {isa = PBXFileReference; lastKnownFileType = folder.assetcatalog; path = Assets.xcassets; sourceTree = "<group>"; };
		595D4D2729D07141003B31AB /* Preview Assets.xcassets */ = {isa = PBXFileReference; lastKnownFileType = folder.assetcatalog; path = "Preview Assets.xcassets"; sourceTree = "<group>"; };
		595D4D2929D07141003B31AB /* Persistence.swift */ = {isa = PBXFileReference; lastKnownFileType = sourcecode.swift; path = Persistence.swift; sourceTree = "<group>"; };
		595D4D2C29D07141003B31AB /* Stoks.xcdatamodel */ = {isa = PBXFileReference; lastKnownFileType = wrapper.xcdatamodel; path = Stoks.xcdatamodel; sourceTree = "<group>"; };
		595D4D2E29D07141003B31AB /* Info.plist */ = {isa = PBXFileReference; lastKnownFileType = text.plist.xml; path = Info.plist; sourceTree = "<group>"; };
		595D4D3929D09AC3003B31AB /* AppDelegate.swift */ = {isa = PBXFileReference; lastKnownFileType = sourcecode.swift; path = AppDelegate.swift; sourceTree = "<group>"; };
		595D4D3B29D09C84003B31AB /* GoogleService-Info.plist */ = {isa = PBXFileReference; fileEncoding = 4; lastKnownFileType = text.plist.xml; path = "GoogleService-Info.plist"; sourceTree = "<group>"; };
/* End PBXFileReference section */

/* Begin PBXFrameworksBuildPhase section */
		595D4D1A29D07140003B31AB /* Frameworks */ = {
			isa = PBXFrameworksBuildPhase;
			buildActionMask = 2147483647;
			files = (
				595D4D3629D09A31003B31AB /* FirebaseAnalytics in Frameworks */,
				595D4D3829D09A31003B31AB /* FirebaseAuth in Frameworks */,
			);
			runOnlyForDeploymentPostprocessing = 0;
		};
/* End PBXFrameworksBuildPhase section */

/* Begin PBXGroup section */
		595D4D1429D07140003B31AB = {
			isa = PBXGroup;
			children = (
				595D4D1F29D07140003B31AB /* Stoks */,
				595D4D1E29D07140003B31AB /* Products */,
			);
			sourceTree = "<group>";
		};
		595D4D1E29D07140003B31AB /* Products */ = {
			isa = PBXGroup;
			children = (
				595D4D1D29D07140003B31AB /* Stoks.app */,
			);
			name = Products;
			sourceTree = "<group>";
		};
		595D4D1F29D07140003B31AB /* Stoks */ = {
			isa = PBXGroup;
			children = (
				595D4D3B29D09C84003B31AB /* GoogleService-Info.plist */,
				595D4D2029D07140003B31AB /* StoksApp.swift */,
				595D4D2229D07140003B31AB /* ContentView.swift */,
				595D4D2429D07141003B31AB /* Assets.xcassets */,
				595D4D2929D07141003B31AB /* Persistence.swift */,
				595D4D2E29D07141003B31AB /* Info.plist */,
				595D4D2B29D07141003B31AB /* Stoks.xcdatamodeld */,
				595D4D2629D07141003B31AB /* Preview Content */,
				595D4D3929D09AC3003B31AB /* AppDelegate.swift */,
			);
			path = Stoks;
			sourceTree = "<group>";
		};
		595D4D2629D07141003B31AB /* Preview Content */ = {
			isa = PBXGroup;
			children = (
				595D4D2729D07141003B31AB /* Preview Assets.xcassets */,
			);
			path = "Preview Content";
			sourceTree = "<group>";
		};
/* End PBXGroup section */

/* Begin PBXNativeTarget section */
		595D4D1C29D07140003B31AB /* Stoks */ = {
			isa = PBXNativeTarget;
			buildConfigurationList = 595D4D3129D07141003B31AB /* Build configuration list for PBXNativeTarget "Stoks" */;
			buildPhases = (
				595D4D1929D07140003B31AB /* Sources */,
				595D4D1A29D07140003B31AB /* Frameworks */,
				595D4D1B29D07140003B31AB /* Resources */,
			);
			buildRules = (
			);
			dependencies = (
			);
			name = Stoks;
			packageProductDependencies = (
				595D4D3529D09A31003B31AB /* FirebaseAnalytics */,
				595D4D3729D09A31003B31AB /* FirebaseAuth */,
			);
			productName = Stoks;
			productReference = 595D4D1D29D07140003B31AB /* Stoks.app */;
			productType = "com.apple.product-type.application";
		};
/* End PBXNativeTarget section */

/* Begin PBXProject section */
		595D4D1529D07140003B31AB /* Project object */ = {
			isa = PBXProject;
			attributes = {
				BuildIndependentTargetsInParallel = 1;
				LastSwiftUpdateCheck = 1420;
				LastUpgradeCheck = 1420;
				TargetAttributes = {
					595D4D1C29D07140003B31AB = {
						CreatedOnToolsVersion = 14.2;
					};
				};
			};
			buildConfigurationList = 595D4D1829D07140003B31AB /* Build configuration list for PBXProject "Stoks" */;
			compatibilityVersion = "Xcode 14.0";
			developmentRegion = en;
			hasScannedForEncodings = 0;
			knownRegions = (
				en,
				Base,
			);
			mainGroup = 595D4D1429D07140003B31AB;
			packageReferences = (
				595D4D3429D09A31003B31AB /* XCRemoteSwiftPackageReference "firebase-ios-sdk" */,
			);
			productRefGroup = 595D4D1E29D07140003B31AB /* Products */;
			projectDirPath = "";
			projectRoot = "";
			targets = (
				595D4D1C29D07140003B31AB /* Stoks */,
			);
		};
/* End PBXProject section */

/* Begin PBXResourcesBuildPhase section */
		595D4D1B29D07140003B31AB /* Resources */ = {
			isa = PBXResourcesBuildPhase;
			buildActionMask = 2147483647;
			files = (
				595D4D2829D07141003B31AB /* Preview Assets.xcassets in Resources */,
				595D4D2529D07141003B31AB /* Assets.xcassets in Resources */,
				595D4D3C29D09C84003B31AB /* GoogleService-Info.plist in Resources */,
			);
			runOnlyForDeploymentPostprocessing = 0;
		};
/* End PBXResourcesBuildPhase section */

/* Begin PBXSourcesBuildPhase section */
		595D4D1929D07140003B31AB /* Sources */ = {
			isa = PBXSourcesBuildPhase;
			buildActionMask = 2147483647;
			files = (
				595D4D2A29D07141003B31AB /* Persistence.swift in Sources */,
				595D4D2329D07140003B31AB /* ContentView.swift in Sources */,
				595D4D2D29D07141003B31AB /* Stoks.xcdatamodeld in Sources */,
				595D4D3A29D09AC3003B31AB /* AppDelegate.swift in Sources */,
				595D4D2129D07140003B31AB /* StoksApp.swift in Sources */,
			);
			runOnlyForDeploymentPostprocessing = 0;
		};
/* End PBXSourcesBuildPhase section */

/* Begin XCBuildConfiguration section */
		595D4D2F29D07141003B31AB /* Debug */ = {
			isa = XCBuildConfiguration;
			buildSettings = {
				ALWAYS_SEARCH_USER_PATHS = NO;
				CLANG_ANALYZER_NONNULL = YES;
				CLANG_ANALYZER_NUMBER_OBJECT_CONVERSION = YES_AGGRESSIVE;
				CLANG_CXX_LANGUAGE_STANDARD = "gnu++20";
				CLANG_ENABLE_MODULES = YES;
				CLANG_ENABLE_OBJC_ARC = YES;
				CLANG_ENABLE_OBJC_WEAK = YES;
				CLANG_WARN_BLOCK_CAPTURE_AUTORELEASING = YES;
				CLANG_WARN_BOOL_CONVERSION = YES;
				CLANG_WARN_COMMA = YES;
				CLANG_WARN_CONSTANT_CONVERSION = YES;
				CLANG_WARN_DEPRECATED_OBJC_IMPLEMENTATIONS = YES;
				CLANG_WARN_DIRECT_OBJC_ISA_USAGE = YES_ERROR;
				CLANG_WARN_DOCUMENTATION_COMMENTS = YES;
				CLANG_WARN_EMPTY_BODY = YES;
				CLANG_WARN_ENUM_CONVERSION = YES;
				CLANG_WARN_INFINITE_RECURSION = YES;
				CLANG_WARN_INT_CONVERSION = YES;
				CLANG_WARN_NON_LITERAL_NULL_CONVERSION = YES;
				CLANG_WARN_OBJC_IMPLICIT_RETAIN_SELF = YES;
				CLANG_WARN_OBJC_LITERAL_CONVERSION = YES;
				CLANG_WARN_OBJC_ROOT_CLASS = YES_ERROR;
				CLANG_WARN_QUOTED_INCLUDE_IN_FRAMEWORK_HEADER = YES;
				CLANG_WARN_RANGE_LOOP_ANALYSIS = YES;
				CLANG_WARN_STRICT_PROTOTYPES = YES;
				CLANG_WARN_SUSPICIOUS_MOVE = YES;
				CLANG_WARN_UNGUARDED_AVAILABILITY = YES_AGGRESSIVE;
				CLANG_WARN_UNREACHABLE_CODE = YES;
				CLANG_WARN__DUPLICATE_METHOD_MATCH = YES;
				COPY_PHASE_STRIP = NO;
				DEBUG_INFORMATION_FORMAT = dwarf;
				ENABLE_STRICT_OBJC_MSGSEND = YES;
				ENABLE_TESTABILITY = YES;
				GCC_C_LANGUAGE_STANDARD = gnu11;
				GCC_DYNAMIC_NO_PIC = NO;
				GCC_NO_COMMON_BLOCKS = YES;
				GCC_OPTIMIZATION_LEVEL = 0;
				GCC_PREPROCESSOR_DEFINITIONS = (
					"DEBUG=1",
					"$(inherited)",
				);
				GCC_WARN_64_TO_32_BIT_CONVERSION = YES;
				GCC_WARN_ABOUT_RETURN_TYPE = YES_ERROR;
				GCC_WARN_UNDECLARED_SELECTOR = YES;
				GCC_WARN_UNINITIALIZED_AUTOS = YES_AGGRESSIVE;
				GCC_WARN_UNUSED_FUNCTION = YES;
				GCC_WARN_UNUSED_VARIABLE = YES;
				IPHONEOS_DEPLOYMENT_TARGET = 16.2;
				MTL_ENABLE_DEBUG_INFO = INCLUDE_SOURCE;
				MTL_FAST_MATH = YES;
				ONLY_ACTIVE_ARCH = YES;
				SDKROOT = iphoneos;
				SWIFT_ACTIVE_COMPILATION_CONDITIONS = DEBUG;
				SWIFT_OPTIMIZATION_LEVEL = "-Onone";
			};
			name = Debug;
		};
		595D4D3029D07141003B31AB /* Release */ = {
			isa = XCBuildConfiguration;
			buildSettings = {
				ALWAYS_SEARCH_USER_PATHS = NO;
				CLANG_ANALYZER_NONNULL = YES;
				CLANG_ANALYZER_NUMBER_OBJECT_CONVERSION = YES_AGGRESSIVE;
				CLANG_CXX_LANGUAGE_STANDARD = "gnu++20";
				CLANG_ENABLE_MODULES = YES;
				CLANG_ENABLE_OBJC_ARC = YES;
				CLANG_ENABLE_OBJC_WEAK = YES;
				CLANG_WARN_BLOCK_CAPTURE_AUTORELEASING = YES;
				CLANG_WARN_BOOL_CONVERSION = YES;
				CLANG_WARN_COMMA = YES;
				CLANG_WARN_CONSTANT_CONVERSION = YES;
				CLANG_WARN_DEPRECATED_OBJC_IMPLEMENTATIONS = YES;
				CLANG_WARN_DIRECT_OBJC_ISA_USAGE = YES_ERROR;
				CLANG_WARN_DOCUMENTATION_COMMENTS = YES;
				CLANG_WARN_EMPTY_BODY = YES;
				CLANG_WARN_ENUM_CONVERSION = YES;
				CLANG_WARN_INFINITE_RECURSION = YES;
				CLANG_WARN_INT_CONVERSION = YES;
				CLANG_WARN_NON_LITERAL_NULL_CONVERSION = YES;
				CLANG_WARN_OBJC_IMPLICIT_RETAIN_SELF = YES;
				CLANG_WARN_OBJC_LITERAL_CONVERSION = YES;
				CLANG_WARN_OBJC_ROOT_CLASS = YES_ERROR;
				CLANG_WARN_QUOTED_INCLUDE_IN_FRAMEWORK_HEADER = YES;
				CLANG_WARN_RANGE_LOOP_ANALYSIS = YES;
				CLANG_WARN_STRICT_PROTOTYPES = YES;
				CLANG_WARN_SUSPICIOUS_MOVE = YES;
				CLANG_WARN_UNGUARDED_AVAILABILITY = YES_AGGRESSIVE;
				CLANG_WARN_UNREACHABLE_CODE = YES;
				CLANG_WARN__DUPLICATE_METHOD_MATCH = YES;
				COPY_PHASE_STRIP = NO;
				DEBUG_INFORMATION_FORMAT = "dwarf-with-dsym";
				ENABLE_NS_ASSERTIONS = NO;
				ENABLE_STRICT_OBJC_MSGSEND = YES;
				GCC_C_LANGUAGE_STANDARD = gnu11;
				GCC_NO_COMMON_BLOCKS = YES;
				GCC_WARN_64_TO_32_BIT_CONVERSION = YES;
				GCC_WARN_ABOUT_RETURN_TYPE = YES_ERROR;
				GCC_WARN_UNDECLARED_SELECTOR = YES;
				GCC_WARN_UNINITIALIZED_AUTOS = YES_AGGRESSIVE;
				GCC_WARN_UNUSED_FUNCTION = YES;
				GCC_WARN_UNUSED_VARIABLE = YES;
				IPHONEOS_DEPLOYMENT_TARGET = 16.2;
				MTL_ENABLE_DEBUG_INFO = NO;
				MTL_FAST_MATH = YES;
				SDKROOT = iphoneos;
				SWIFT_COMPILATION_MODE = wholemodule;
				SWIFT_OPTIMIZATION_LEVEL = "-O";
				VALIDATE_PRODUCT = YES;
			};
			name = Release;
		};
		595D4D3229D07141003B31AB /* Debug */ = {
			isa = XCBuildConfiguration;
			buildSettings = {
				ASSETCATALOG_COMPILER_APPICON_NAME = AppIcon;
				ASSETCATALOG_COMPILER_GLOBAL_ACCENT_COLOR_NAME = AccentColor;
				CODE_SIGN_STYLE = Automatic;
				CURRENT_PROJECT_VERSION = 1;
				DEVELOPMENT_ASSET_PATHS = "\"Stoks/Preview Content\"";
				DEVELOPMENT_TEAM = NU7BU33S3Z;
				ENABLE_PREVIEWS = YES;
				GENERATE_INFOPLIST_FILE = YES;
				INFOPLIST_FILE = Stoks/Info.plist;
				INFOPLIST_KEY_UIApplicationSceneManifest_Generation = YES;
				INFOPLIST_KEY_UIApplicationSupportsIndirectInputEvents = YES;
				INFOPLIST_KEY_UILaunchScreen_Generation = YES;
				INFOPLIST_KEY_UISupportedInterfaceOrientations_iPad = "UIInterfaceOrientationPortrait UIInterfaceOrientationPortraitUpsideDown UIInterfaceOrientationLandscapeLeft UIInterfaceOrientationLandscapeRight";
				INFOPLIST_KEY_UISupportedInterfaceOrientations_iPhone = "UIInterfaceOrientationPortrait UIInterfaceOrientationLandscapeLeft UIInterfaceOrientationLandscapeRight";
				LD_RUNPATH_SEARCH_PATHS = (
					"$(inherited)",
					"@executable_path/Frameworks",
				);
				MARKETING_VERSION = 1.0;
				PRODUCT_BUNDLE_IDENTIFIER = com.nate995.Stoks;
				PRODUCT_NAME = "$(TARGET_NAME)";
				SWIFT_EMIT_LOC_STRINGS = YES;
				SWIFT_VERSION = 5.0;
				TARGETED_DEVICE_FAMILY = "1,2";
			};
			name = Debug;
		};
		595D4D3329D07141003B31AB /* Release */ = {
			isa = XCBuildConfiguration;
			buildSettings = {
				ASSETCATALOG_COMPILER_APPICON_NAME = AppIcon;
				ASSETCATALOG_COMPILER_GLOBAL_ACCENT_COLOR_NAME = AccentColor;
				CODE_SIGN_STYLE = Automatic;
				CURRENT_PROJECT_VERSION = 1;
				DEVELOPMENT_ASSET_PATHS = "\"Stoks/Preview Content\"";
				DEVELOPMENT_TEAM = NU7BU33S3Z;
				ENABLE_PREVIEWS = YES;
				GENERATE_INFOPLIST_FILE = YES;
				INFOPLIST_FILE = Stoks/Info.plist;
				INFOPLIST_KEY_UIApplicationSceneManifest_Generation = YES;
				INFOPLIST_KEY_UIApplicationSupportsIndirectInputEvents = YES;
				INFOPLIST_KEY_UILaunchScreen_Generation = YES;
				INFOPLIST_KEY_UISupportedInterfaceOrientations_iPad = "UIInterfaceOrientationPortrait UIInterfaceOrientationPortraitUpsideDown UIInterfaceOrientationLandscapeLeft UIInterfaceOrientationLandscapeRight";
				INFOPLIST_KEY_UISupportedInterfaceOrientations_iPhone = "UIInterfaceOrientationPortrait UIInterfaceOrientationLandscapeLeft UIInterfaceOrientationLandscapeRight";
				LD_RUNPATH_SEARCH_PATHS = (
					"$(inherited)",
					"@executable_path/Frameworks",
				);
				MARKETING_VERSION = 1.0;
				PRODUCT_BUNDLE_IDENTIFIER = com.nate995.Stoks;
				PRODUCT_NAME = "$(TARGET_NAME)";
				SWIFT_EMIT_LOC_STRINGS = YES;
				SWIFT_VERSION = 5.0;
				TARGETED_DEVICE_FAMILY = "1,2";
			};
			name = Release;
		};
/* End XCBuildConfiguration section */

/* Begin XCConfigurationList section */
		595D4D1829D07140003B31AB /* Build configuration list for PBXProject "Stoks" */ = {
			isa = XCConfigurationList;
			buildConfigurations = (
				595D4D2F29D07141003B31AB /* Debug */,
				595D4D3029D07141003B31AB /* Release */,
			);
			defaultConfigurationIsVisible = 0;
			defaultConfigurationName = Release;
		};
		595D4D3129D07141003B31AB /* Build configuration list for PBXNativeTarget "Stoks" */ = {
			isa = XCConfigurationList;
			buildConfigurations = (
				595D4D3229D07141003B31AB /* Debug */,
				595D4D3329D07141003B31AB /* Release */,
			);
			defaultConfigurationIsVisible = 0;
			defaultConfigurationName = Release;
		};
/* End XCConfigurationList section */

/* Begin XCRemoteSwiftPackageReference section */
		595D4D3429D09A31003B31AB /* XCRemoteSwiftPackageReference "firebase-ios-sdk" */ = {
			isa = XCRemoteSwiftPackageReference;
			repositoryURL = "https://github.com/firebase/firebase-ios-sdk";
			requirement = {
				kind = upToNextMajorVersion;
				minimumVersion = 9.0.0;
			};
		};
/* End XCRemoteSwiftPackageReference section */

/* Begin XCSwiftPackageProductDependency section */
		595D4D3529D09A31003B31AB /* FirebaseAnalytics */ = {
			isa = XCSwiftPackageProductDependency;
			package = 595D4D3429D09A31003B31AB /* XCRemoteSwiftPackageReference "firebase-ios-sdk" */;
			productName = FirebaseAnalytics;
		};
		595D4D3729D09A31003B31AB /* FirebaseAuth */ = {
			isa = XCSwiftPackageProductDependency;
			package = 595D4D3429D09A31003B31AB /* XCRemoteSwiftPackageReference "firebase-ios-sdk" */;
			productName = FirebaseAuth;
		};
/* End XCSwiftPackageProductDependency section */

/* Begin XCVersionGroup section */
		595D4D2B29D07141003B31AB /* Stoks.xcdatamodeld */ = {
			isa = XCVersionGroup;
			children = (
				595D4D2C29D07141003B31AB /* Stoks.xcdatamodel */,
			);
			currentVersion = 595D4D2C29D07141003B31AB /* Stoks.xcdatamodel */;
			path = Stoks.xcdatamodeld;
			sourceTree = "<group>";
			versionGroupType = wrapper.xcdatamodel;
		};
/* End XCVersionGroup section */
	};
	rootObject = 595D4D1529D07140003B31AB /* Project object */;
}
